{
  "object": {
    "pins": [
      {
        "package": "FloatplaneApp-Models",
        "repositoryURL": "https://github.com/curiousurick/FloatplaneApp-Models",
        "state": {
          "branch": "main",
          "revision": "e8b4beb8edb6614143bec2015d857e2c0aa5dce3",
          "version": null
        }
      },
      {
        "package": "swift-log",
        "repositoryURL": "https://github.com/apple/swift-log.git",
        "state": {
          "branch": null,
          "revision": "32e8d724467f8fe623624570367e3d50c5638e46",
          "version": "1.5.2"
        }
      }
    ]
  },
  "version": 1
}
