// !$*UTF8*$!
{
	archiveVersion = 1;
	classes = {
	};
	objectVersion = 56;
	objects = {

/* Begin PBXBuildFile section */
		5E1FD71729DAB0100015AE6F /* String+ClassTest.swift in Sources */ = {isa = PBXBuildFile; fileRef = 5E1FD71629DAB0100015AE6F /* String+ClassTest.swift */; };
		5E1FD71E29DAB6B00015AE6F /* String+HTMLTest.swift in Sources */ = {isa = PBXBuildFile; fileRef = 5E1FD71D29DAB6B00015AE6F /* String+HTMLTest.swift */; };
		5E389C0E29D8B67900FC8B4B /* FloatplaneApp-Utilities.docc in Resources */ = {isa = PBXBuildFile; fileRef = 5E389C0D29D8B67900FC8B4B /* FloatplaneApp-Utilities.docc */; };
		5E389C1429D8B67900FC8B4B /* FloatplaneApp_Utilities.framework in Frameworks */ = {isa = PBXBuildFile; fileRef = 5E389C0929D8B67900FC8B4B /* FloatplaneApp_Utilities.framework */; };
		5E389C3229D8B6AB00FC8B4B /* String+HTML.swift in Sources */ = {isa = PBXBuildFile; fileRef = 5E389C2F29D8B68A00FC8B4B /* String+HTML.swift */; };
		5E389C3329D8B6AB00FC8B4B /* String+Class.swift in Sources */ = {isa = PBXBuildFile; fileRef = 5E389C2C29D8B68A00FC8B4B /* String+Class.swift */; };
		5E389C3B29D8B6D800FC8B4B /* Log4S.swift in Sources */ = {isa = PBXBuildFile; fileRef = 5E389C3A29D8B6D800FC8B4B /* Log4S.swift */; };
		5E7711B629E15CDE002E1883 /* StreamURLFactory.swift in Sources */ = {isa = PBXBuildFile; fileRef = 5E7711B529E15CDE002E1883 /* StreamURLFactory.swift */; };
		5E7711B829E15D87002E1883 /* StreamURLFactoryTest.swift in Sources */ = {isa = PBXBuildFile; fileRef = 5E7711B729E15D87002E1883 /* StreamURLFactoryTest.swift */; };
		5E7711BA29E15FA7002E1883 /* TestModelSupplier.swift in Sources */ = {isa = PBXBuildFile; fileRef = 5E7711B929E15FA7002E1883 /* TestModelSupplier.swift */; };
		5E81C6FF29EE493C009BB58B /* FloatplaneApp-Models in Frameworks */ = {isa = PBXBuildFile; productRef = 5E81C6FE29EE493C009BB58B /* FloatplaneApp-Models */; };
		5E8C140029E3EF130084F20D /* Log4STest.swift in Sources */ = {isa = PBXBuildFile; fileRef = 5E8C13FF29E3EF130084F20D /* Log4STest.swift */; };
		5EFD929529D90CA0007E8374 /* Logging in Frameworks */ = {isa = PBXBuildFile; productRef = 5EFD929429D90CA0007E8374 /* Logging */; };
/* End PBXBuildFile section */

/* Begin PBXContainerItemProxy section */
		5E389C1529D8B67900FC8B4B /* PBXContainerItemProxy */ = {
			isa = PBXContainerItemProxy;
			containerPortal = 5E389C0029D8B67900FC8B4B /* Project object */;
			proxyType = 1;
			remoteGlobalIDString = 5E389C0829D8B67900FC8B4B;
			remoteInfo = FloatplaneAppUtilities;
		};
/* End PBXContainerItemProxy section */

/* Begin PBXFileReference section */
		5E08F49429E1355D003C3694 /* FloatplaneApp_Models.framework */ = {isa = PBXFileReference; explicitFileType = wrapper.framework; path = FloatplaneApp_Models.framework; sourceTree = BUILT_PRODUCTS_DIR; };
		5E1FD71629DAB0100015AE6F /* String+ClassTest.swift */ = {isa = PBXFileReference; lastKnownFileType = sourcecode.swift; path = "String+ClassTest.swift"; sourceTree = "<group>"; };
		5E1FD71D29DAB6B00015AE6F /* String+HTMLTest.swift */ = {isa = PBXFileReference; lastKnownFileType = sourcecode.swift; path = "String+HTMLTest.swift"; sourceTree = "<group>"; };
		5E389C0929D8B67900FC8B4B /* FloatplaneApp_Utilities.framework */ = {isa = PBXFileReference; explicitFileType = wrapper.framework; includeInIndex = 0; path = FloatplaneApp_Utilities.framework; sourceTree = BUILT_PRODUCTS_DIR; };
		5E389C0D29D8B67900FC8B4B /* FloatplaneApp-Utilities.docc */ = {isa = PBXFileReference; lastKnownFileType = folder.documentationcatalog; path = "FloatplaneApp-Utilities.docc"; sourceTree = "<group>"; };
		5E389C1329D8B67900FC8B4B /* FloatplaneApp-UtilitiesTests.xctest */ = {isa = PBXFileReference; explicitFileType = wrapper.cfbundle; includeInIndex = 0; path = "FloatplaneApp-UtilitiesTests.xctest"; sourceTree = BUILT_PRODUCTS_DIR; };
		5E389C2C29D8B68A00FC8B4B /* String+Class.swift */ = {isa = PBXFileReference; lastKnownFileType = sourcecode.swift; path = "String+Class.swift"; sourceTree = "<group>"; };
		5E389C2F29D8B68A00FC8B4B /* String+HTML.swift */ = {isa = PBXFileReference; lastKnownFileType = sourcecode.swift; path = "String+HTML.swift"; sourceTree = "<group>"; };
		5E389C3A29D8B6D800FC8B4B /* Log4S.swift */ = {isa = PBXFileReference; lastKnownFileType = sourcecode.swift; path = Log4S.swift; sourceTree = "<group>"; };
		5E44E6D829E16A0C00DACC58 /* FloatplaneApp_Models.framework */ = {isa = PBXFileReference; explicitFileType = wrapper.framework; path = FloatplaneApp_Models.framework; sourceTree = BUILT_PRODUCTS_DIR; };
		5E44E6DA29E16A1A00DACC58 /* FloatplaneApp_Models.framework */ = {isa = PBXFileReference; explicitFileType = wrapper.framework; path = FloatplaneApp_Models.framework; sourceTree = BUILT_PRODUCTS_DIR; };
		5E44E6DE29E16A3700DACC58 /* FloatplaneApp_Models.framework */ = {isa = PBXFileReference; explicitFileType = wrapper.framework; path = FloatplaneApp_Models.framework; sourceTree = BUILT_PRODUCTS_DIR; };
		5E7711B529E15CDE002E1883 /* StreamURLFactory.swift */ = {isa = PBXFileReference; lastKnownFileType = sourcecode.swift; path = StreamURLFactory.swift; sourceTree = "<group>"; };
		5E7711B729E15D87002E1883 /* StreamURLFactoryTest.swift */ = {isa = PBXFileReference; lastKnownFileType = sourcecode.swift; path = StreamURLFactoryTest.swift; sourceTree = "<group>"; };
		5E7711B929E15FA7002E1883 /* TestModelSupplier.swift */ = {isa = PBXFileReference; lastKnownFileType = sourcecode.swift; path = TestModelSupplier.swift; sourceTree = "<group>"; };
		5E8C13FF29E3EF130084F20D /* Log4STest.swift */ = {isa = PBXFileReference; lastKnownFileType = sourcecode.swift; path = Log4STest.swift; sourceTree = "<group>"; };
		5EF5D9E229E16AEE00785396 /* FloatplaneApp_Models.framework */ = {isa = PBXFileReference; explicitFileType = wrapper.framework; path = FloatplaneApp_Models.framework; sourceTree = BUILT_PRODUCTS_DIR; };
		5EF5D9E429E16AFB00785396 /* FloatplaneApp_Models.framework */ = {isa = PBXFileReference; explicitFileType = wrapper.framework; path = FloatplaneApp_Models.framework; sourceTree = BUILT_PRODUCTS_DIR; };
/* End PBXFileReference section */

/* Begin PBXFrameworksBuildPhase section */
		5E389C0629D8B67900FC8B4B /* Frameworks */ = {
			isa = PBXFrameworksBuildPhase;
			buildActionMask = 2147483647;
			files = (
				5E81C6FF29EE493C009BB58B /* FloatplaneApp-Models in Frameworks */,
				5EFD929529D90CA0007E8374 /* Logging in Frameworks */,
			);
			runOnlyForDeploymentPostprocessing = 0;
		};
		5E389C1029D8B67900FC8B4B /* Frameworks */ = {
			isa = PBXFrameworksBuildPhase;
			buildActionMask = 2147483647;
			files = (
				5E389C1429D8B67900FC8B4B /* FloatplaneApp_Utilities.framework in Frameworks */,
			);
			runOnlyForDeploymentPostprocessing = 0;
		};
/* End PBXFrameworksBuildPhase section */

/* Begin PBXGroup section */
		5E389BFF29D8B67900FC8B4B = {
			isa = PBXGroup;
			children = (
				5E389C0B29D8B67900FC8B4B /* FloatplaneApp-Utilities */,
				5E389C1729D8B67900FC8B4B /* FloatplaneApp-UtilitiesTests */,
				5E389C0A29D8B67900FC8B4B /* Products */,
				5EFD929329D90CA0007E8374 /* Frameworks */,
			);
			sourceTree = "<group>";
		};
		5E389C0A29D8B67900FC8B4B /* Products */ = {
			isa = PBXGroup;
			children = (
				5E389C0929D8B67900FC8B4B /* FloatplaneApp_Utilities.framework */,
				5E389C1329D8B67900FC8B4B /* FloatplaneApp-UtilitiesTests.xctest */,
			);
			name = Products;
			sourceTree = "<group>";
		};
		5E389C0B29D8B67900FC8B4B /* FloatplaneApp-Utilities */ = {
			isa = PBXGroup;
			children = (
				5E389C3A29D8B6D800FC8B4B /* Log4S.swift */,
				5E7711B529E15CDE002E1883 /* StreamURLFactory.swift */,
				5E389C2C29D8B68A00FC8B4B /* String+Class.swift */,
				5E389C2F29D8B68A00FC8B4B /* String+HTML.swift */,
				5E389C0D29D8B67900FC8B4B /* FloatplaneApp-Utilities.docc */,
			);
			path = "FloatplaneApp-Utilities";
			sourceTree = "<group>";
		};
		5E389C1729D8B67900FC8B4B /* FloatplaneApp-UtilitiesTests */ = {
			isa = PBXGroup;
			children = (
				5E7711BB29E15FAE002E1883 /* Mocks */,
				5E1FD71629DAB0100015AE6F /* String+ClassTest.swift */,
				5E1FD71D29DAB6B00015AE6F /* String+HTMLTest.swift */,
				5E7711B729E15D87002E1883 /* StreamURLFactoryTest.swift */,
				5E8C13FF29E3EF130084F20D /* Log4STest.swift */,
			);
			path = "FloatplaneApp-UtilitiesTests";
			sourceTree = "<group>";
		};
		5E7711BB29E15FAE002E1883 /* Mocks */ = {
			isa = PBXGroup;
			children = (
				5E7711B929E15FA7002E1883 /* TestModelSupplier.swift */,
			);
			path = Mocks;
			sourceTree = "<group>";
		};
		5EFD929329D90CA0007E8374 /* Frameworks */ = {
			isa = PBXGroup;
			children = (
				5EF5D9E429E16AFB00785396 /* FloatplaneApp_Models.framework */,
				5EF5D9E229E16AEE00785396 /* FloatplaneApp_Models.framework */,
				5E44E6DE29E16A3700DACC58 /* FloatplaneApp_Models.framework */,
				5E44E6DA29E16A1A00DACC58 /* FloatplaneApp_Models.framework */,
				5E44E6D829E16A0C00DACC58 /* FloatplaneApp_Models.framework */,
				5E08F49429E1355D003C3694 /* FloatplaneApp_Models.framework */,
			);
			name = Frameworks;
			sourceTree = "<group>";
		};
/* End PBXGroup section */

/* Begin PBXHeadersBuildPhase section */
		5E389C0429D8B67900FC8B4B /* Headers */ = {
			isa = PBXHeadersBuildPhase;
			buildActionMask = 2147483647;
			files = (
			);
			runOnlyForDeploymentPostprocessing = 0;
		};
/* End PBXHeadersBuildPhase section */

/* Begin PBXNativeTarget section */
		5E389C0829D8B67900FC8B4B /* FloatplaneApp-Utilities */ = {
			isa = PBXNativeTarget;
			buildConfigurationList = 5E389C1D29D8B67900FC8B4B /* Build configuration list for PBXNativeTarget "FloatplaneApp-Utilities" */;
			buildPhases = (
				5E389C0429D8B67900FC8B4B /* Headers */,
				5E389C0529D8B67900FC8B4B /* Sources */,
				5E389C0629D8B67900FC8B4B /* Frameworks */,
				5E389C0729D8B67900FC8B4B /* Resources */,
			);
			buildRules = (
			);
			dependencies = (
			);
			name = "FloatplaneApp-Utilities";
			packageProductDependencies = (
				5EFD929429D90CA0007E8374 /* Logging */,
				5E81C6FE29EE493C009BB58B /* FloatplaneApp-Models */,
			);
			productName = FloatplaneAppUtilities;
			productReference = 5E389C0929D8B67900FC8B4B /* FloatplaneApp_Utilities.framework */;
			productType = "com.apple.product-type.framework";
		};
		5E389C1229D8B67900FC8B4B /* FloatplaneApp-UtilitiesTests */ = {
			isa = PBXNativeTarget;
			buildConfigurationList = 5E389C2029D8B67900FC8B4B /* Build configuration list for PBXNativeTarget "FloatplaneApp-UtilitiesTests" */;
			buildPhases = (
				5E389C0F29D8B67900FC8B4B /* Sources */,
				5E389C1029D8B67900FC8B4B /* Frameworks */,
				5E389C1129D8B67900FC8B4B /* Resources */,
			);
			buildRules = (
			);
			dependencies = (
				5E389C1629D8B67900FC8B4B /* PBXTargetDependency */,
			);
			name = "FloatplaneApp-UtilitiesTests";
			productName = FloatplaneAppUtilitiesTests;
			productReference = 5E389C1329D8B67900FC8B4B /* FloatplaneApp-UtilitiesTests.xctest */;
			productType = "com.apple.product-type.bundle.unit-test";
		};
/* End PBXNativeTarget section */

/* Begin PBXProject section */
		5E389C0029D8B67900FC8B4B /* Project object */ = {
			isa = PBXProject;
			attributes = {
				BuildIndependentTargetsInParallel = 1;
				LastSwiftUpdateCheck = 1420;
				LastUpgradeCheck = 1420;
				TargetAttributes = {
					5E389C0829D8B67900FC8B4B = {
						CreatedOnToolsVersion = 14.2;
					};
					5E389C1229D8B67900FC8B4B = {
						CreatedOnToolsVersion = 14.2;
						LastSwiftMigration = 1420;
					};
				};
			};
			buildConfigurationList = 5E389C0329D8B67900FC8B4B /* Build configuration list for PBXProject "FloatplaneApp-Utilities" */;
			compatibilityVersion = "Xcode 14.0";
			developmentRegion = en;
			hasScannedForEncodings = 0;
			knownRegions = (
				en,
				Base,
			);
			mainGroup = 5E389BFF29D8B67900FC8B4B;
			packageReferences = (
				5E389C3C29D8B72500FC8B4B /* XCRemoteSwiftPackageReference "swift-log" */,
				5E81C6FD29EE493C009BB58B /* XCRemoteSwiftPackageReference "FloatplaneApp-Models" */,
			);
			productRefGroup = 5E389C0A29D8B67900FC8B4B /* Products */;
			projectDirPath = "";
			projectRoot = "";
			targets = (
				5E389C0829D8B67900FC8B4B /* FloatplaneApp-Utilities */,
				5E389C1229D8B67900FC8B4B /* FloatplaneApp-UtilitiesTests */,
			);
		};
/* End PBXProject section */

/* Begin PBXResourcesBuildPhase section */
		5E389C0729D8B67900FC8B4B /* Resources */ = {
			isa = PBXResourcesBuildPhase;
			buildActionMask = 2147483647;
			files = (
				5E389C0E29D8B67900FC8B4B /* FloatplaneApp-Utilities.docc in Resources */,
			);
			runOnlyForDeploymentPostprocessing = 0;
		};
		5E389C1129D8B67900FC8B4B /* Resources */ = {
			isa = PBXResourcesBuildPhase;
			buildActionMask = 2147483647;
			files = (
			);
			runOnlyForDeploymentPostprocessing = 0;
		};
/* End PBXResourcesBuildPhase section */

/* Begin PBXSourcesBuildPhase section */
		5E389C0529D8B67900FC8B4B /* Sources */ = {
			isa = PBXSourcesBuildPhase;
			buildActionMask = 2147483647;
			files = (
				5E7711B629E15CDE002E1883 /* StreamURLFactory.swift in Sources */,
				5E389C3229D8B6AB00FC8B4B /* String+HTML.swift in Sources */,
				5E389C3329D8B6AB00FC8B4B /* String+Class.swift in Sources */,
				5E389C3B29D8B6D800FC8B4B /* Log4S.swift in Sources */,
			);
			runOnlyForDeploymentPostprocessing = 0;
		};
		5E389C0F29D8B67900FC8B4B /* Sources */ = {
			isa = PBXSourcesBuildPhase;
			buildActionMask = 2147483647;
			files = (
				5E1FD71E29DAB6B00015AE6F /* String+HTMLTest.swift in Sources */,
				5E8C140029E3EF130084F20D /* Log4STest.swift in Sources */,
				5E1FD71729DAB0100015AE6F /* String+ClassTest.swift in Sources */,
				5E7711B829E15D87002E1883 /* StreamURLFactoryTest.swift in Sources */,
				5E7711BA29E15FA7002E1883 /* TestModelSupplier.swift in Sources */,
			);
			runOnlyForDeploymentPostprocessing = 0;
		};
/* End PBXSourcesBuildPhase section */

/* Begin PBXTargetDependency section */
		5E389C1629D8B67900FC8B4B /* PBXTargetDependency */ = {
			isa = PBXTargetDependency;
			target = 5E389C0829D8B67900FC8B4B /* FloatplaneApp-Utilities */;
			targetProxy = 5E389C1529D8B67900FC8B4B /* PBXContainerItemProxy */;
		};
/* End PBXTargetDependency section */

/* Begin XCBuildConfiguration section */
		5E389C1B29D8B67900FC8B4B /* Debug */ = {
			isa = XCBuildConfiguration;
			buildSettings = {
				ALWAYS_SEARCH_USER_PATHS = NO;
				CLANG_ANALYZER_NONNULL = YES;
				CLANG_ANALYZER_NUMBER_OBJECT_CONVERSION = YES_AGGRESSIVE;
				CLANG_CXX_LANGUAGE_STANDARD = "gnu++20";
				CLANG_ENABLE_MODULES = YES;
				CLANG_ENABLE_OBJC_ARC = YES;
				CLANG_ENABLE_OBJC_WEAK = YES;
				CLANG_WARN_BLOCK_CAPTURE_AUTORELEASING = YES;
				CLANG_WARN_BOOL_CONVERSION = YES;
				CLANG_WARN_COMMA = YES;
				CLANG_WARN_CONSTANT_CONVERSION = YES;
				CLANG_WARN_DEPRECATED_OBJC_IMPLEMENTATIONS = YES;
				CLANG_WARN_DIRECT_OBJC_ISA_USAGE = YES_ERROR;
				CLANG_WARN_DOCUMENTATION_COMMENTS = YES;
				CLANG_WARN_EMPTY_BODY = YES;
				CLANG_WARN_ENUM_CONVERSION = YES;
				CLANG_WARN_INFINITE_RECURSION = YES;
				CLANG_WARN_INT_CONVERSION = YES;
				CLANG_WARN_NON_LITERAL_NULL_CONVERSION = YES;
				CLANG_WARN_OBJC_IMPLICIT_RETAIN_SELF = YES;
				CLANG_WARN_OBJC_LITERAL_CONVERSION = YES;
				CLANG_WARN_OBJC_ROOT_CLASS = YES_ERROR;
				CLANG_WARN_QUOTED_INCLUDE_IN_FRAMEWORK_HEADER = YES;
				CLANG_WARN_RANGE_LOOP_ANALYSIS = YES;
				CLANG_WARN_STRICT_PROTOTYPES = YES;
				CLANG_WARN_SUSPICIOUS_MOVE = YES;
				CLANG_WARN_UNGUARDED_AVAILABILITY = YES_AGGRESSIVE;
				CLANG_WARN_UNREACHABLE_CODE = YES;
				CLANG_WARN__DUPLICATE_METHOD_MATCH = YES;
				COPY_PHASE_STRIP = NO;
				CURRENT_PROJECT_VERSION = 1;
				DEAD_CODE_STRIPPING = YES;
				DEBUG_INFORMATION_FORMAT = dwarf;
				ENABLE_STRICT_OBJC_MSGSEND = YES;
				ENABLE_TESTABILITY = YES;
				GCC_C_LANGUAGE_STANDARD = gnu11;
				GCC_DYNAMIC_NO_PIC = NO;
				GCC_NO_COMMON_BLOCKS = YES;
				GCC_OPTIMIZATION_LEVEL = 0;
				GCC_PREPROCESSOR_DEFINITIONS = (
					"DEBUG=1",
					"$(inherited)",
				);
				GCC_WARN_64_TO_32_BIT_CONVERSION = YES;
				GCC_WARN_ABOUT_RETURN_TYPE = YES_ERROR;
				GCC_WARN_UNDECLARED_SELECTOR = YES;
				GCC_WARN_UNINITIALIZED_AUTOS = YES_AGGRESSIVE;
				GCC_WARN_UNUSED_FUNCTION = YES;
				GCC_WARN_UNUSED_VARIABLE = YES;
				MTL_ENABLE_DEBUG_INFO = INCLUDE_SOURCE;
				MTL_FAST_MATH = YES;
				ONLY_ACTIVE_ARCH = YES;
				SWIFT_ACTIVE_COMPILATION_CONDITIONS = DEBUG;
				SWIFT_OPTIMIZATION_LEVEL = "-Onone";
				TVOS_DEPLOYMENT_TARGET = 16.0;
				VERSIONING_SYSTEM = "apple-generic";
				VERSION_INFO_PREFIX = "";
			};
			name = Debug;
		};
		5E389C1C29D8B67900FC8B4B /* Release */ = {
			isa = XCBuildConfiguration;
			buildSettings = {
				ALWAYS_SEARCH_USER_PATHS = NO;
				CLANG_ANALYZER_NONNULL = YES;
				CLANG_ANALYZER_NUMBER_OBJECT_CONVERSION = YES_AGGRESSIVE;
				CLANG_CXX_LANGUAGE_STANDARD = "gnu++20";
				CLANG_ENABLE_MODULES = YES;
				CLANG_ENABLE_OBJC_ARC = YES;
				CLANG_ENABLE_OBJC_WEAK = YES;
				CLANG_WARN_BLOCK_CAPTURE_AUTORELEASING = YES;
				CLANG_WARN_BOOL_CONVERSION = YES;
				CLANG_WARN_COMMA = YES;
				CLANG_WARN_CONSTANT_CONVERSION = YES;
				CLANG_WARN_DEPRECATED_OBJC_IMPLEMENTATIONS = YES;
				CLANG_WARN_DIRECT_OBJC_ISA_USAGE = YES_ERROR;
				CLANG_WARN_DOCUMENTATION_COMMENTS = YES;
				CLANG_WARN_EMPTY_BODY = YES;
				CLANG_WARN_ENUM_CONVERSION = YES;
				CLANG_WARN_INFINITE_RECURSION = YES;
				CLANG_WARN_INT_CONVERSION = YES;
				CLANG_WARN_NON_LITERAL_NULL_CONVERSION = YES;
				CLANG_WARN_OBJC_IMPLICIT_RETAIN_SELF = YES;
				CLANG_WARN_OBJC_LITERAL_CONVERSION = YES;
				CLANG_WARN_OBJC_ROOT_CLASS = YES_ERROR;
				CLANG_WARN_QUOTED_INCLUDE_IN_FRAMEWORK_HEADER = YES;
				CLANG_WARN_RANGE_LOOP_ANALYSIS = YES;
				CLANG_WARN_STRICT_PROTOTYPES = YES;
				CLANG_WARN_SUSPICIOUS_MOVE = YES;
				CLANG_WARN_UNGUARDED_AVAILABILITY = YES_AGGRESSIVE;
				CLANG_WARN_UNREACHABLE_CODE = YES;
				CLANG_WARN__DUPLICATE_METHOD_MATCH = YES;
				COPY_PHASE_STRIP = NO;
				CURRENT_PROJECT_VERSION = 1;
				DEAD_CODE_STRIPPING = YES;
				DEBUG_INFORMATION_FORMAT = "dwarf-with-dsym";
				ENABLE_NS_ASSERTIONS = NO;
				ENABLE_STRICT_OBJC_MSGSEND = YES;
				GCC_C_LANGUAGE_STANDARD = gnu11;
				GCC_NO_COMMON_BLOCKS = YES;
				GCC_WARN_64_TO_32_BIT_CONVERSION = YES;
				GCC_WARN_ABOUT_RETURN_TYPE = YES_ERROR;
				GCC_WARN_UNDECLARED_SELECTOR = YES;
				GCC_WARN_UNINITIALIZED_AUTOS = YES_AGGRESSIVE;
				GCC_WARN_UNUSED_FUNCTION = YES;
				GCC_WARN_UNUSED_VARIABLE = YES;
				MTL_ENABLE_DEBUG_INFO = NO;
				MTL_FAST_MATH = YES;
				SWIFT_COMPILATION_MODE = wholemodule;
				SWIFT_OPTIMIZATION_LEVEL = "-O";
				TVOS_DEPLOYMENT_TARGET = 16.0;
				VERSIONING_SYSTEM = "apple-generic";
				VERSION_INFO_PREFIX = "";
			};
			name = Release;
		};
		5E389C1E29D8B67900FC8B4B /* Debug */ = {
			isa = XCBuildConfiguration;
			buildSettings = {
				ALLOW_TARGET_PLATFORM_SPECIALIZATION = YES;
				CODE_SIGN_STYLE = Automatic;
				CURRENT_PROJECT_VERSION = 1;
				DEAD_CODE_STRIPPING = YES;
				DEFINES_MODULE = YES;
				DYLIB_COMPATIBILITY_VERSION = 1;
				DYLIB_CURRENT_VERSION = 1;
				DYLIB_INSTALL_NAME_BASE = "@rpath";
				GENERATE_INFOPLIST_FILE = YES;
				INFOPLIST_KEY_NSHumanReadableCopyright = "";
				INSTALL_PATH = "$(LOCAL_LIBRARY_DIR)/Frameworks";
				IPHONEOS_DEPLOYMENT_TARGET = 16.2;
				LD_RUNPATH_SEARCH_PATHS = (
					"@executable_path/Frameworks",
					"@loader_path/Frameworks",
				);
				"LD_RUNPATH_SEARCH_PATHS[sdk=macosx*]" = (
					"@executable_path/../Frameworks",
					"@loader_path/Frameworks",
				);
				MACOSX_DEPLOYMENT_TARGET = 13.1;
				MARKETING_VERSION = 1.0;
				OTHER_LDFLAGS = "$(inherited)";
				PRODUCT_BUNDLE_IDENTIFIER = org.georgie.FloatplaneAppUtilities;
				PRODUCT_NAME = "$(TARGET_NAME:c99extidentifier)";
				SDKROOT = auto;
				SKIP_INSTALL = YES;
				SUPPORTED_PLATFORMS = "appletvos appletvsimulator iphoneos iphonesimulator macosx";
				SUPPORTS_MACCATALYST = NO;
				SUPPORTS_MAC_DESIGNED_FOR_IPHONE_IPAD = NO;
				SWIFT_EMIT_LOC_STRINGS = YES;
				SWIFT_VERSION = 5.0;
				TARGETED_DEVICE_FAMILY = "1,2,3";
			};
			name = Debug;
		};
		5E389C1F29D8B67900FC8B4B /* Release */ = {
			isa = XCBuildConfiguration;
			buildSettings = {
				ALLOW_TARGET_PLATFORM_SPECIALIZATION = YES;
				CODE_SIGN_STYLE = Automatic;
				CURRENT_PROJECT_VERSION = 1;
				DEAD_CODE_STRIPPING = YES;
				DEFINES_MODULE = YES;
				DYLIB_COMPATIBILITY_VERSION = 1;
				DYLIB_CURRENT_VERSION = 1;
				DYLIB_INSTALL_NAME_BASE = "@rpath";
				GENERATE_INFOPLIST_FILE = YES;
				INFOPLIST_KEY_NSHumanReadableCopyright = "";
				INSTALL_PATH = "$(LOCAL_LIBRARY_DIR)/Frameworks";
				IPHONEOS_DEPLOYMENT_TARGET = 16.2;
				LD_RUNPATH_SEARCH_PATHS = (
					"@executable_path/Frameworks",
					"@loader_path/Frameworks",
				);
				"LD_RUNPATH_SEARCH_PATHS[sdk=macosx*]" = (
					"@executable_path/../Frameworks",
					"@loader_path/Frameworks",
				);
				MACOSX_DEPLOYMENT_TARGET = 13.1;
				MARKETING_VERSION = 1.0;
				OTHER_LDFLAGS = "$(inherited)";
				PRODUCT_BUNDLE_IDENTIFIER = org.georgie.FloatplaneAppUtilities;
				PRODUCT_NAME = "$(TARGET_NAME:c99extidentifier)";
				SDKROOT = auto;
				SKIP_INSTALL = YES;
				SUPPORTED_PLATFORMS = "appletvos appletvsimulator iphoneos iphonesimulator macosx";
				SUPPORTS_MACCATALYST = NO;
				SUPPORTS_MAC_DESIGNED_FOR_IPHONE_IPAD = NO;
				SWIFT_EMIT_LOC_STRINGS = YES;
				SWIFT_VERSION = 5.0;
				TARGETED_DEVICE_FAMILY = "1,2,3";
			};
			name = Release;
		};
		5E389C2129D8B67900FC8B4B /* Debug */ = {
			isa = XCBuildConfiguration;
			buildSettings = {
				ALWAYS_EMBED_SWIFT_STANDARD_LIBRARIES = YES;
				CLANG_ENABLE_MODULES = YES;
				CODE_SIGN_STYLE = Automatic;
				CURRENT_PROJECT_VERSION = 1;
				DEAD_CODE_STRIPPING = YES;
				GENERATE_INFOPLIST_FILE = YES;
				IPHONEOS_DEPLOYMENT_TARGET = 16.2;
				LD_RUNPATH_SEARCH_PATHS = (
					"$(inherited)",
					"@executable_path/Frameworks",
					"@loader_path/Frameworks",
				);
				MACOSX_DEPLOYMENT_TARGET = 13.1;
				MARKETING_VERSION = 1.0;
				PRODUCT_BUNDLE_IDENTIFIER = org.georgie.FloatplaneAppUtilitiesTests;
				PRODUCT_NAME = "$(TARGET_NAME)";
				SDKROOT = auto;
				SUPPORTED_PLATFORMS = "appletvos appletvsimulator iphoneos iphonesimulator macosx";
				SUPPORTS_MACCATALYST = NO;
				SUPPORTS_MAC_DESIGNED_FOR_IPHONE_IPAD = NO;
				SWIFT_EMIT_LOC_STRINGS = NO;
				SWIFT_OPTIMIZATION_LEVEL = "-Onone";
				SWIFT_VERSION = 5.0;
				TARGETED_DEVICE_FAMILY = "1,2,3";
			};
			name = Debug;
		};
		5E389C2229D8B67900FC8B4B /* Release */ = {
			isa = XCBuildConfiguration;
			buildSettings = {
				ALWAYS_EMBED_SWIFT_STANDARD_LIBRARIES = YES;
				CLANG_ENABLE_MODULES = YES;
				CODE_SIGN_STYLE = Automatic;
				CURRENT_PROJECT_VERSION = 1;
				DEAD_CODE_STRIPPING = YES;
				GENERATE_INFOPLIST_FILE = YES;
				IPHONEOS_DEPLOYMENT_TARGET = 16.2;
				LD_RUNPATH_SEARCH_PATHS = (
					"$(inherited)",
					"@executable_path/Frameworks",
					"@loader_path/Frameworks",
				);
				MACOSX_DEPLOYMENT_TARGET = 13.1;
				MARKETING_VERSION = 1.0;
				PRODUCT_BUNDLE_IDENTIFIER = org.georgie.FloatplaneAppUtilitiesTests;
				PRODUCT_NAME = "$(TARGET_NAME)";
				SDKROOT = auto;
				SUPPORTED_PLATFORMS = "appletvos appletvsimulator iphoneos iphonesimulator macosx";
				SUPPORTS_MACCATALYST = NO;
				SUPPORTS_MAC_DESIGNED_FOR_IPHONE_IPAD = NO;
				SWIFT_EMIT_LOC_STRINGS = NO;
				SWIFT_VERSION = 5.0;
				TARGETED_DEVICE_FAMILY = "1,2,3";
			};
			name = Release;
		};
/* End XCBuildConfiguration section */

/* Begin XCConfigurationList section */
		5E389C0329D8B67900FC8B4B /* Build configuration list for PBXProject "FloatplaneApp-Utilities" */ = {
			isa = XCConfigurationList;
			buildConfigurations = (
				5E389C1B29D8B67900FC8B4B /* Debug */,
				5E389C1C29D8B67900FC8B4B /* Release */,
			);
			defaultConfigurationIsVisible = 0;
			defaultConfigurationName = Release;
		};
		5E389C1D29D8B67900FC8B4B /* Build configuration list for PBXNativeTarget "FloatplaneApp-Utilities" */ = {
			isa = XCConfigurationList;
			buildConfigurations = (
				5E389C1E29D8B67900FC8B4B /* Debug */,
				5E389C1F29D8B67900FC8B4B /* Release */,
			);
			defaultConfigurationIsVisible = 0;
			defaultConfigurationName = Release;
		};
		5E389C2029D8B67900FC8B4B /* Build configuration list for PBXNativeTarget "FloatplaneApp-UtilitiesTests" */ = {
			isa = XCConfigurationList;
			buildConfigurations = (
				5E389C2129D8B67900FC8B4B /* Debug */,
				5E389C2229D8B67900FC8B4B /* Release */,
			);
			defaultConfigurationIsVisible = 0;
			defaultConfigurationName = Release;
		};
/* End XCConfigurationList section */

/* Begin XCRemoteSwiftPackageReference section */
		5E389C3C29D8B72500FC8B4B /* XCRemoteSwiftPackageReference "swift-log" */ = {
			isa = XCRemoteSwiftPackageReference;
			repositoryURL = "https://github.com/apple/swift-log.git";
			requirement = {
				kind = upToNextMajorVersion;
				minimumVersion = 1.0.0;
			};
		};
		5E81C6FD29EE493C009BB58B /* XCRemoteSwiftPackageReference "FloatplaneApp-Models" */ = {
			isa = XCRemoteSwiftPackageReference;
			repositoryURL = "https://github.com/curiousurick/FloatplaneApp-Models.git";
			requirement = {
				branch = main;
				kind = branch;
			};
		};
/* End XCRemoteSwiftPackageReference section */

/* Begin XCSwiftPackageProductDependency section */
		5E81C6FE29EE493C009BB58B /* FloatplaneApp-Models */ = {
			isa = XCSwiftPackageProductDependency;
			package = 5E81C6FD29EE493C009BB58B /* XCRemoteSwiftPackageReference "FloatplaneApp-Models" */;
			productName = "FloatplaneApp-Models";
		};
		5EFD929429D90CA0007E8374 /* Logging */ = {
			isa = XCSwiftPackageProductDependency;
			package = 5E389C3C29D8B72500FC8B4B /* XCRemoteSwiftPackageReference "swift-log" */;
			productName = Logging;
		};
/* End XCSwiftPackageProductDependency section */
	};
	rootObject = 5E389C0029D8B67900FC8B4B /* Project object */;
}
